
Microsoft Visual Studio Solution File, Format Version 12.00
# Visual Studio 2012
Project("{FAE04EC0-301F-11D3-BF4B-00C04F79EFBC}") = "PP_DEMO", "PP_DEMO\PP_DEMO.csproj", "{0CF58D6C-8513-4B50-A69E-650AC8063B71}"
EndProject
Global
	GlobalSection(SolutionConfigurationPlatforms) = preSolution
		Debug|Any CPU = Debug|Any CPU
		Debug|Mixed Platforms = Debug|Mixed Platforms
		Debug|Win32 = Debug|Win32
		Debug|x64 = Debug|x64
		Release|Any CPU = Release|Any CPU
		Release|Mixed Platforms = Release|Mixed Platforms
		Release|Win32 = Release|Win32
		Release|x64 = Release|x64
	EndGlobalSection
	GlobalSection(ProjectConfigurationPlatforms) = postSolution
		{0CF58D6C-8513-4B50-A69E-650AC8063B71}.Debug|Any CPU.ActiveCfg = Debug|Any CPU
		{0CF58D6C-8513-4B50-A69E-650AC8063B71}.Debug|Any CPU.Build.0 = Debug|Any CPU
		{0CF58D6C-8513-4B50-A69E-650AC8063B71}.Debug|Mixed Platforms.ActiveCfg = Debug|x64
		{0CF58D6C-8513-4B50-A69E-650AC8063B71}.Debug|Mixed Platforms.Build.0 = Debug|x64
		{0CF58D6C-8513-4B50-A69E-650AC8063B71}.Debug|Win32.ActiveCfg = Debug|Any CPU
		{0CF58D6C-8513-4B50-A69E-650AC8063B71}.Debug|x64.ActiveCfg = Debug|x64
		{0CF58D6C-8513-4B50-A69E-650AC8063B71}.Debug|x64.Build.0 = Debug|x64
		{0CF58D6C-8513-4B50-A69E-650AC8063B71}.Release|Any CPU.ActiveCfg = Release|Any CPU
		{0CF58D6C-8513-4B50-A69E-650AC8063B71}.Release|Any CPU.Build.0 = Release|Any CPU
		{0CF58D6C-8513-4B50-A69E-650AC8063B71}.Release|Mixed Platforms.ActiveCfg = Release|Any CPU
		{0CF58D6C-8513-4B50-A69E-650AC8063B71}.Release|Mixed Platforms.Build.0 = Release|Any CPU
		{0CF58D6C-8513-4B50-A69E-650AC8063B71}.Release|Win32.ActiveCfg = Release|Any CPU
		{0CF58D6C-8513-4B50-A69E-650AC8063B71}.Release|x64.ActiveCfg = Release|x64
		{0CF58D6C-8513-4B50-A69E-650AC8063B71}.Release|x64.Build.0 = Release|x64
	EndGlobalSection
	GlobalSection(SolutionProperties) = preSolution
		HideSolutionNode = FALSE
	EndGlobalSection
EndGlobal
